{
  "requires": true,
  "lockfileVersion": 1,
  "dependencies": {
    "gitbook-plugin-back-to-top-button": {
      "version": "0.1.4",
      "resolved": "https://registry.npmjs.org/gitbook-plugin-back-to-top-button/-/gitbook-plugin-back-to-top-button-0.1.4.tgz",
      "integrity": "sha1-5iGDOLDvGdWOb2YAmUNQt26ANd8="
    },
    "gitbook-plugin-common-redirect": {
      "version": "0.0.6",
      "resolved": "https://registry.npmjs.org/gitbook-plugin-common-redirect/-/gitbook-plugin-common-redirect-0.0.6.tgz",
      "integrity": "sha512-XR5CNOZqhawuS0r9aHm6J6P7m82SvQ42iPN+AwLyj7GcwC+8gc2suqp1+wMIk8OgnrE/xIxmNuq8eskg1ToBiw=="
    },
    "gitbook-plugin-insert-logo-link": {
      "version": "1.0.1",
      "resolved": "https://registry.npmjs.org/gitbook-plugin-insert-logo-link/-/gitbook-plugin-insert-logo-link-1.0.1.tgz",
      "integrity": "sha1-3oTrR18wj7yhikC9wYDGLsLbS8I="
    },
    "gitbook-plugin-toggle-chapters": {
      "version": "0.0.3",
      "resolved": "https://registry.npmjs.org/gitbook-plugin-toggle-chapters/-/gitbook-plugin-toggle-chapters-0.0.3.tgz",
      "integrity": "sha1-bl9aphubLiIcOAzfbpKDIAFez7k="
    }
  }
}
